
Microsoft Visual Studio Solution File, Format Version 12.00
# Visual Studio 15
VisualStudioVersion = 15.0.28307.757
MinimumVisualStudioVersion = 10.0.40219.1
Project("{FAE04EC0-301F-11D3-BF4B-00C04F79EFBC}") = "Chapter04_Conditional", "Chapter04_Conditional\Chapter04_Conditional.csproj", "{47704B8D-7489-42F3-9394-7CA5B38092F5}"
EndProject
Project("{FAE04EC0-301F-11D3-BF4B-00C04F79EFBC}") = "Chapter05_Loop", "Chapter05_Loop\Chapter05_Loop.csproj", "{669C6675-D91D-45FC-B2AF-6F2B15A1C75D}"
EndProject
Global
	GlobalSection(SolutionConfigurationPlatforms) = preSolution
		Debug|Any CPU = Debug|Any CPU
		Release|Any CPU = Release|Any CPU
	EndGlobalSection
	GlobalSection(ProjectConfigurationPlatforms) = postSolution
		{47704B8D-7489-42F3-9394-7CA5B38092F5}.Debug|Any CPU.ActiveCfg = Debug|Any CPU
		{47704B8D-7489-42F3-9394-7CA5B38092F5}.Debug|Any CPU.Build.0 = Debug|Any CPU
		{47704B8D-7489-42F3-9394-7CA5B38092F5}.Release|Any CPU.ActiveCfg = Release|Any CPU
		{47704B8D-7489-42F3-9394-7CA5B38092F5}.Release|Any CPU.Build.0 = Release|Any CPU
		{669C6675-D91D-45FC-B2AF-6F2B15A1C75D}.Debug|Any CPU.ActiveCfg = Debug|Any CPU
		{669C6675-D91D-45FC-B2AF-6F2B15A1C75D}.Debug|Any CPU.Build.0 = Debug|Any CPU
		{669C6675-D91D-45FC-B2AF-6F2B15A1C75D}.Release|Any CPU.ActiveCfg = Release|Any CPU
		{669C6675-D91D-45FC-B2AF-6F2B15A1C75D}.Release|Any CPU.Build.0 = Release|Any CPU
	EndGlobalSection
	GlobalSection(SolutionProperties) = preSolution
		HideSolutionNode = FALSE
	EndGlobalSection
	GlobalSection(ExtensibilityGlobals) = postSolution
		SolutionGuid = {FC0A6EE3-5967-481E-B16D-8E81840C7A92}
	EndGlobalSection
EndGlobal
